
Microsoft Visual Studio Solution File, Format Version 12.00
# Visual Studio Version 16
VisualStudioVersion = 16.0.34301.259
MinimumVisualStudioVersion = 10.0.40219.1
Project("{FAE04EC0-301F-11D3-BF4B-00C04F79EFBC}") = "SloppyJoe", "SloppyJoe\SloppyJoe.csproj", "{539E16CA-5F22-4D40-8141-2B3641392BB3}"
EndProject
Global
	GlobalSection(SolutionConfigurationPlatforms) = preSolution
		Debug|Any CPU = Debug|Any CPU
		Release|Any CPU = Release|Any CPU
	EndGlobalSection
	GlobalSection(ProjectConfigurationPlatforms) = postSolution
		{539E16CA-5F22-4D40-8141-2B3641392BB3}.Debug|Any CPU.ActiveCfg = Debug|Any CPU
		{539E16CA-5F22-4D40-8141-2B3641392BB3}.Debug|Any CPU.Build.0 = Debug|Any CPU
		{539E16CA-5F22-4D40-8141-2B3641392BB3}.Release|Any CPU.ActiveCfg = Release|Any CPU
		{539E16CA-5F22-4D40-8141-2B3641392BB3}.Release|Any CPU.Build.0 = Release|Any CPU
	EndGlobalSection
	GlobalSection(SolutionProperties) = preSolution
		HideSolutionNode = FALSE
	EndGlobalSection
	GlobalSection(ExtensibilityGlobals) = postSolution
		SolutionGuid = {34DD3B70-0192-4982-9931-52587F1A029D}
	EndGlobalSection
EndGlobal
